
Microsoft Visual Studio Solution File, Format Version 12.00
# Visual Studio Version 17
VisualStudioVersion = 17.2.32630.192
MinimumVisualStudioVersion = 10.0.40219.1
Project("{FAE04EC0-301F-11D3-BF4B-00C04F79EFBC}") = "timetable", "timetable\timetable.csproj", "{C50FA8A3-3956-433C-B6F5-35732B7569AB}"
EndProject
Global
	GlobalSection(SolutionConfigurationPlatforms) = preSolution
		Debug|Any CPU = Debug|Any CPU
		Release|Any CPU = Release|Any CPU
	EndGlobalSection
	GlobalSection(ProjectConfigurationPlatforms) = postSolution
		{C50FA8A3-3956-433C-B6F5-35732B7569AB}.Debug|Any CPU.ActiveCfg = Debug|Any CPU
		{C50FA8A3-3956-433C-B6F5-35732B7569AB}.Debug|Any CPU.Build.0 = Debug|Any CPU
		{C50FA8A3-3956-433C-B6F5-35732B7569AB}.Release|Any CPU.ActiveCfg = Release|Any CPU
		{C50FA8A3-3956-433C-B6F5-35732B7569AB}.Release|Any CPU.Build.0 = Release|Any CPU
	EndGlobalSection
	GlobalSection(SolutionProperties) = preSolution
		HideSolutionNode = FALSE
	EndGlobalSection
	GlobalSection(ExtensibilityGlobals) = postSolution
		SolutionGuid = {702539A5-E81A-45B8-8AA5-DFC1B922890C}
	EndGlobalSection
EndGlobal
