
Microsoft Visual Studio Solution File, Format Version 12.00
# Visual Studio Version 17
VisualStudioVersion = 17.2.32630.192
MinimumVisualStudioVersion = 10.0.40219.1
Project("{F184B08F-C81C-45F6-A57F-5ABD9991F28F}") = "Totaling", "Totaling\Totaling.vbproj", "{607A0372-C643-4722-8F15-8C21E423590E}"
EndProject
Global
	GlobalSection(SolutionConfigurationPlatforms) = preSolution
		Debug|Any CPU = Debug|Any CPU
		Release|Any CPU = Release|Any CPU
	EndGlobalSection
	GlobalSection(ProjectConfigurationPlatforms) = postSolution
		{607A0372-C643-4722-8F15-8C21E423590E}.Debug|Any CPU.ActiveCfg = Debug|Any CPU
		{607A0372-C643-4722-8F15-8C21E423590E}.Debug|Any CPU.Build.0 = Debug|Any CPU
		{607A0372-C643-4722-8F15-8C21E423590E}.Release|Any CPU.ActiveCfg = Release|Any CPU
		{607A0372-C643-4722-8F15-8C21E423590E}.Release|Any CPU.Build.0 = Release|Any CPU
	EndGlobalSection
	GlobalSection(SolutionProperties) = preSolution
		HideSolutionNode = FALSE
	EndGlobalSection
	GlobalSection(ExtensibilityGlobals) = postSolution
		SolutionGuid = {E2271897-6390-4C23-8592-54A6F97273DA}
	EndGlobalSection
EndGlobal
