
Microsoft Visual Studio Solution File, Format Version 12.00
# Visual Studio Version 17
VisualStudioVersion = 17.2.32630.192
MinimumVisualStudioVersion = 10.0.40219.1
Project("{FAE04EC0-301F-11D3-BF4B-00C04F79EFBC}") = "askingquestions", "askingquestions\askingquestions.csproj", "{692E59C7-C9F0-4B56-AAA7-8615E33061C2}"
EndProject
Global
	GlobalSection(SolutionConfigurationPlatforms) = preSolution
		Debug|Any CPU = Debug|Any CPU
		Release|Any CPU = Release|Any CPU
	EndGlobalSection
	GlobalSection(ProjectConfigurationPlatforms) = postSolution
		{692E59C7-C9F0-4B56-AAA7-8615E33061C2}.Debug|Any CPU.ActiveCfg = Debug|Any CPU
		{692E59C7-C9F0-4B56-AAA7-8615E33061C2}.Debug|Any CPU.Build.0 = Debug|Any CPU
		{692E59C7-C9F0-4B56-AAA7-8615E33061C2}.Release|Any CPU.ActiveCfg = Release|Any CPU
		{692E59C7-C9F0-4B56-AAA7-8615E33061C2}.Release|Any CPU.Build.0 = Release|Any CPU
	EndGlobalSection
	GlobalSection(SolutionProperties) = preSolution
		HideSolutionNode = FALSE
	EndGlobalSection
	GlobalSection(ExtensibilityGlobals) = postSolution
		SolutionGuid = {1452979C-4B95-4EE4-BEA4-AB16ED5AC72E}
	EndGlobalSection
EndGlobal
