
Microsoft Visual Studio Solution File, Format Version 12.00
# Visual Studio Version 17
VisualStudioVersion = 17.2.32630.192
MinimumVisualStudioVersion = 10.0.40219.1
Project("{F184B08F-C81C-45F6-A57F-5ABD9991F28F}") = "Data_Validation", "Data_Validation\Data_Validation.vbproj", "{E476889A-11EF-4D7A-B87E-863F53633940}"
EndProject
Global
	GlobalSection(SolutionConfigurationPlatforms) = preSolution
		Debug|Any CPU = Debug|Any CPU
		Release|Any CPU = Release|Any CPU
	EndGlobalSection
	GlobalSection(ProjectConfigurationPlatforms) = postSolution
		{E476889A-11EF-4D7A-B87E-863F53633940}.Debug|Any CPU.ActiveCfg = Debug|Any CPU
		{E476889A-11EF-4D7A-B87E-863F53633940}.Debug|Any CPU.Build.0 = Debug|Any CPU
		{E476889A-11EF-4D7A-B87E-863F53633940}.Release|Any CPU.ActiveCfg = Release|Any CPU
		{E476889A-11EF-4D7A-B87E-863F53633940}.Release|Any CPU.Build.0 = Release|Any CPU
	EndGlobalSection
	GlobalSection(SolutionProperties) = preSolution
		HideSolutionNode = FALSE
	EndGlobalSection
	GlobalSection(ExtensibilityGlobals) = postSolution
		SolutionGuid = {34B5F36C-39FB-4EB1-92C3-B61EDB9E318A}
	EndGlobalSection
EndGlobal
