
Microsoft Visual Studio Solution File, Format Version 12.00
# Visual Studio Version 17
VisualStudioVersion = 17.2.32630.192
MinimumVisualStudioVersion = 10.0.40219.1
Project("{FAE04EC0-301F-11D3-BF4B-00C04F79EFBC}") = "peakwindspeed", "peakwindspeed\peakwindspeed.csproj", "{817910CE-052E-4F81-AE86-47F32039219A}"
EndProject
Global
	GlobalSection(SolutionConfigurationPlatforms) = preSolution
		Debug|Any CPU = Debug|Any CPU
		Release|Any CPU = Release|Any CPU
	EndGlobalSection
	GlobalSection(ProjectConfigurationPlatforms) = postSolution
		{817910CE-052E-4F81-AE86-47F32039219A}.Debug|Any CPU.ActiveCfg = Debug|Any CPU
		{817910CE-052E-4F81-AE86-47F32039219A}.Debug|Any CPU.Build.0 = Debug|Any CPU
		{817910CE-052E-4F81-AE86-47F32039219A}.Release|Any CPU.ActiveCfg = Release|Any CPU
		{817910CE-052E-4F81-AE86-47F32039219A}.Release|Any CPU.Build.0 = Release|Any CPU
	EndGlobalSection
	GlobalSection(SolutionProperties) = preSolution
		HideSolutionNode = FALSE
	EndGlobalSection
	GlobalSection(ExtensibilityGlobals) = postSolution
		SolutionGuid = {9DDE1084-4CAF-4181-B7E3-0519B691B947}
	EndGlobalSection
EndGlobal
