
Microsoft Visual Studio Solution File, Format Version 12.00
# Visual Studio Version 17
VisualStudioVersion = 17.2.32630.192
MinimumVisualStudioVersion = 10.0.40219.1
Project("{FAE04EC0-301F-11D3-BF4B-00C04F79EFBC}") = "adultorchild", "adultorchild\adultorchild.csproj", "{D9ABA6BC-2657-4E0A-A3EE-59C77A1A0F29}"
EndProject
Global
	GlobalSection(SolutionConfigurationPlatforms) = preSolution
		Debug|Any CPU = Debug|Any CPU
		Release|Any CPU = Release|Any CPU
	EndGlobalSection
	GlobalSection(ProjectConfigurationPlatforms) = postSolution
		{D9ABA6BC-2657-4E0A-A3EE-59C77A1A0F29}.Debug|Any CPU.ActiveCfg = Debug|Any CPU
		{D9ABA6BC-2657-4E0A-A3EE-59C77A1A0F29}.Debug|Any CPU.Build.0 = Debug|Any CPU
		{D9ABA6BC-2657-4E0A-A3EE-59C77A1A0F29}.Release|Any CPU.ActiveCfg = Release|Any CPU
		{D9ABA6BC-2657-4E0A-A3EE-59C77A1A0F29}.Release|Any CPU.Build.0 = Release|Any CPU
	EndGlobalSection
	GlobalSection(SolutionProperties) = preSolution
		HideSolutionNode = FALSE
	EndGlobalSection
	GlobalSection(ExtensibilityGlobals) = postSolution
		SolutionGuid = {F155F052-E029-4950-BB03-7243EBC0DB9A}
	EndGlobalSection
EndGlobal
