
Microsoft Visual Studio Solution File, Format Version 12.00
# Visual Studio Version 17
VisualStudioVersion = 17.2.32630.192
MinimumVisualStudioVersion = 10.0.40219.1
Project("{FAE04EC0-301F-11D3-BF4B-00C04F79EFBC}") = "compoundinterest", "compoundinterest\compoundinterest.csproj", "{B9B52670-2218-4E58-B1A0-8A11AEECE47D}"
EndProject
Global
	GlobalSection(SolutionConfigurationPlatforms) = preSolution
		Debug|Any CPU = Debug|Any CPU
		Release|Any CPU = Release|Any CPU
	EndGlobalSection
	GlobalSection(ProjectConfigurationPlatforms) = postSolution
		{B9B52670-2218-4E58-B1A0-8A11AEECE47D}.Debug|Any CPU.ActiveCfg = Debug|Any CPU
		{B9B52670-2218-4E58-B1A0-8A11AEECE47D}.Debug|Any CPU.Build.0 = Debug|Any CPU
		{B9B52670-2218-4E58-B1A0-8A11AEECE47D}.Release|Any CPU.ActiveCfg = Release|Any CPU
		{B9B52670-2218-4E58-B1A0-8A11AEECE47D}.Release|Any CPU.Build.0 = Release|Any CPU
	EndGlobalSection
	GlobalSection(SolutionProperties) = preSolution
		HideSolutionNode = FALSE
	EndGlobalSection
	GlobalSection(ExtensibilityGlobals) = postSolution
		SolutionGuid = {56C28998-E235-48A2-B249-57D99CDD50CE}
	EndGlobalSection
EndGlobal
