
Microsoft Visual Studio Solution File, Format Version 12.00
# Visual Studio Version 17
VisualStudioVersion = 17.2.32630.192
MinimumVisualStudioVersion = 10.0.40219.1
Project("{FAE04EC0-301F-11D3-BF4B-00C04F79EFBC}") = "9it", "9it\9it.csproj", "{15166B9B-608C-45B3-8863-B2A738B23E43}"
EndProject
Global
	GlobalSection(SolutionConfigurationPlatforms) = preSolution
		Debug|Any CPU = Debug|Any CPU
		Release|Any CPU = Release|Any CPU
	EndGlobalSection
	GlobalSection(ProjectConfigurationPlatforms) = postSolution
		{15166B9B-608C-45B3-8863-B2A738B23E43}.Debug|Any CPU.ActiveCfg = Debug|Any CPU
		{15166B9B-608C-45B3-8863-B2A738B23E43}.Debug|Any CPU.Build.0 = Debug|Any CPU
		{15166B9B-608C-45B3-8863-B2A738B23E43}.Release|Any CPU.ActiveCfg = Release|Any CPU
		{15166B9B-608C-45B3-8863-B2A738B23E43}.Release|Any CPU.Build.0 = Release|Any CPU
	EndGlobalSection
	GlobalSection(SolutionProperties) = preSolution
		HideSolutionNode = FALSE
	EndGlobalSection
	GlobalSection(ExtensibilityGlobals) = postSolution
		SolutionGuid = {FF30FD5C-72CE-43DB-B3C5-4EC1B58C36DB}
	EndGlobalSection
EndGlobal
