
Microsoft Visual Studio Solution File, Format Version 12.00
# Visual Studio Version 17
VisualStudioVersion = 17.2.32630.192
MinimumVisualStudioVersion = 10.0.40219.1
Project("{FAE04EC0-301F-11D3-BF4B-00C04F79EFBC}") = "fj", "fj\fj.csproj", "{5D474BEF-7536-4F85-9A47-53D810CF7124}"
EndProject
Global
	GlobalSection(SolutionConfigurationPlatforms) = preSolution
		Debug|Any CPU = Debug|Any CPU
		Release|Any CPU = Release|Any CPU
	EndGlobalSection
	GlobalSection(ProjectConfigurationPlatforms) = postSolution
		{5D474BEF-7536-4F85-9A47-53D810CF7124}.Debug|Any CPU.ActiveCfg = Debug|Any CPU
		{5D474BEF-7536-4F85-9A47-53D810CF7124}.Debug|Any CPU.Build.0 = Debug|Any CPU
		{5D474BEF-7536-4F85-9A47-53D810CF7124}.Release|Any CPU.ActiveCfg = Release|Any CPU
		{5D474BEF-7536-4F85-9A47-53D810CF7124}.Release|Any CPU.Build.0 = Release|Any CPU
	EndGlobalSection
	GlobalSection(SolutionProperties) = preSolution
		HideSolutionNode = FALSE
	EndGlobalSection
	GlobalSection(ExtensibilityGlobals) = postSolution
		SolutionGuid = {6AD45702-E00F-49C0-B148-E101C7CF0D78}
	EndGlobalSection
EndGlobal
