
Microsoft Visual Studio Solution File, Format Version 12.00
# Visual Studio Version 17
VisualStudioVersion = 17.2.32630.192
MinimumVisualStudioVersion = 10.0.40219.1
Project("{FAE04EC0-301F-11D3-BF4B-00C04F79EFBC}") = "addingnumbers", "addingnumbers\addingnumbers.csproj", "{D96A58FF-E3B5-4687-B25E-DE82FD3C5708}"
EndProject
Global
	GlobalSection(SolutionConfigurationPlatforms) = preSolution
		Debug|Any CPU = Debug|Any CPU
		Release|Any CPU = Release|Any CPU
	EndGlobalSection
	GlobalSection(ProjectConfigurationPlatforms) = postSolution
		{D96A58FF-E3B5-4687-B25E-DE82FD3C5708}.Debug|Any CPU.ActiveCfg = Debug|Any CPU
		{D96A58FF-E3B5-4687-B25E-DE82FD3C5708}.Debug|Any CPU.Build.0 = Debug|Any CPU
		{D96A58FF-E3B5-4687-B25E-DE82FD3C5708}.Release|Any CPU.ActiveCfg = Release|Any CPU
		{D96A58FF-E3B5-4687-B25E-DE82FD3C5708}.Release|Any CPU.Build.0 = Release|Any CPU
	EndGlobalSection
	GlobalSection(SolutionProperties) = preSolution
		HideSolutionNode = FALSE
	EndGlobalSection
	GlobalSection(ExtensibilityGlobals) = postSolution
		SolutionGuid = {726D8A57-7399-4C1B-9EAF-46210485C6CB}
	EndGlobalSection
EndGlobal
