
Microsoft Visual Studio Solution File, Format Version 12.00
# Visual Studio Version 17
VisualStudioVersion = 17.2.32630.192
MinimumVisualStudioVersion = 10.0.40219.1
Project("{FAE04EC0-301F-11D3-BF4B-00C04F79EFBC}") = "spellingame", "spellingame\spellingame.csproj", "{35751741-A4F8-470E-83D3-A9ACFD38C715}"
EndProject
Global
	GlobalSection(SolutionConfigurationPlatforms) = preSolution
		Debug|Any CPU = Debug|Any CPU
		Release|Any CPU = Release|Any CPU
	EndGlobalSection
	GlobalSection(ProjectConfigurationPlatforms) = postSolution
		{35751741-A4F8-470E-83D3-A9ACFD38C715}.Debug|Any CPU.ActiveCfg = Debug|Any CPU
		{35751741-A4F8-470E-83D3-A9ACFD38C715}.Debug|Any CPU.Build.0 = Debug|Any CPU
		{35751741-A4F8-470E-83D3-A9ACFD38C715}.Release|Any CPU.ActiveCfg = Release|Any CPU
		{35751741-A4F8-470E-83D3-A9ACFD38C715}.Release|Any CPU.Build.0 = Release|Any CPU
	EndGlobalSection
	GlobalSection(SolutionProperties) = preSolution
		HideSolutionNode = FALSE
	EndGlobalSection
	GlobalSection(ExtensibilityGlobals) = postSolution
		SolutionGuid = {29F4345A-67B8-48C8-A305-DEFBCEA50156}
	EndGlobalSection
EndGlobal
