
Microsoft Visual Studio Solution File, Format Version 12.00
# Visual Studio Version 17
VisualStudioVersion = 17.2.32630.192
MinimumVisualStudioVersion = 10.0.40219.1
Project("{F184B08F-C81C-45F6-A57F-5ABD9991F28F}") = "Perfect Square", "Perfect Square\Perfect Square.vbproj", "{78888E2F-FACC-44DE-B35A-3FF3B715170D}"
EndProject
Global
	GlobalSection(SolutionConfigurationPlatforms) = preSolution
		Debug|Any CPU = Debug|Any CPU
		Release|Any CPU = Release|Any CPU
	EndGlobalSection
	GlobalSection(ProjectConfigurationPlatforms) = postSolution
		{78888E2F-FACC-44DE-B35A-3FF3B715170D}.Debug|Any CPU.ActiveCfg = Debug|Any CPU
		{78888E2F-FACC-44DE-B35A-3FF3B715170D}.Debug|Any CPU.Build.0 = Debug|Any CPU
		{78888E2F-FACC-44DE-B35A-3FF3B715170D}.Release|Any CPU.ActiveCfg = Release|Any CPU
		{78888E2F-FACC-44DE-B35A-3FF3B715170D}.Release|Any CPU.Build.0 = Release|Any CPU
	EndGlobalSection
	GlobalSection(SolutionProperties) = preSolution
		HideSolutionNode = FALSE
	EndGlobalSection
	GlobalSection(ExtensibilityGlobals) = postSolution
		SolutionGuid = {490DDAC7-C3D4-4457-BA64-40F44E9DF0AD}
	EndGlobalSection
EndGlobal
