
Microsoft Visual Studio Solution File, Format Version 12.00
# Visual Studio Version 17
VisualStudioVersion = 17.2.32630.192
MinimumVisualStudioVersion = 10.0.40219.1
Project("{F184B08F-C81C-45F6-A57F-5ABD9991F28F}") = "Animals List", "Animals List\Animals List.vbproj", "{58B1C24A-7954-4746-85B8-7F2C76067FBB}"
EndProject
Global
	GlobalSection(SolutionConfigurationPlatforms) = preSolution
		Debug|Any CPU = Debug|Any CPU
		Release|Any CPU = Release|Any CPU
	EndGlobalSection
	GlobalSection(ProjectConfigurationPlatforms) = postSolution
		{58B1C24A-7954-4746-85B8-7F2C76067FBB}.Debug|Any CPU.ActiveCfg = Debug|Any CPU
		{58B1C24A-7954-4746-85B8-7F2C76067FBB}.Debug|Any CPU.Build.0 = Debug|Any CPU
		{58B1C24A-7954-4746-85B8-7F2C76067FBB}.Release|Any CPU.ActiveCfg = Release|Any CPU
		{58B1C24A-7954-4746-85B8-7F2C76067FBB}.Release|Any CPU.Build.0 = Release|Any CPU
	EndGlobalSection
	GlobalSection(SolutionProperties) = preSolution
		HideSolutionNode = FALSE
	EndGlobalSection
	GlobalSection(ExtensibilityGlobals) = postSolution
		SolutionGuid = {27280997-0D5A-41CE-854C-6D3EC01B929C}
	EndGlobalSection
EndGlobal
