
Microsoft Visual Studio Solution File, Format Version 12.00
# Visual Studio Version 17
VisualStudioVersion = 17.2.32630.192
MinimumVisualStudioVersion = 10.0.40219.1
Project("{FAE04EC0-301F-11D3-BF4B-00C04F79EFBC}") = "rng", "rng\rng.csproj", "{521DDB09-82D2-48D9-98F8-E99CF71CA95F}"
EndProject
Global
	GlobalSection(SolutionConfigurationPlatforms) = preSolution
		Debug|Any CPU = Debug|Any CPU
		Release|Any CPU = Release|Any CPU
	EndGlobalSection
	GlobalSection(ProjectConfigurationPlatforms) = postSolution
		{521DDB09-82D2-48D9-98F8-E99CF71CA95F}.Debug|Any CPU.ActiveCfg = Debug|Any CPU
		{521DDB09-82D2-48D9-98F8-E99CF71CA95F}.Debug|Any CPU.Build.0 = Debug|Any CPU
		{521DDB09-82D2-48D9-98F8-E99CF71CA95F}.Release|Any CPU.ActiveCfg = Release|Any CPU
		{521DDB09-82D2-48D9-98F8-E99CF71CA95F}.Release|Any CPU.Build.0 = Release|Any CPU
	EndGlobalSection
	GlobalSection(SolutionProperties) = preSolution
		HideSolutionNode = FALSE
	EndGlobalSection
	GlobalSection(ExtensibilityGlobals) = postSolution
		SolutionGuid = {51920B5E-370C-447F-9877-0EA3C2ADA522}
	EndGlobalSection
EndGlobal
