
Microsoft Visual Studio Solution File, Format Version 12.00
# Visual Studio Version 17
VisualStudioVersion = 17.2.32630.192
MinimumVisualStudioVersion = 10.0.40219.1
Project("{FAE04EC0-301F-11D3-BF4B-00C04F79EFBC}") = "primenumbers", "primenumbers\primenumbers.csproj", "{DA198784-8265-4F3E-ABEB-F5C515084ACF}"
EndProject
Global
	GlobalSection(SolutionConfigurationPlatforms) = preSolution
		Debug|Any CPU = Debug|Any CPU
		Release|Any CPU = Release|Any CPU
	EndGlobalSection
	GlobalSection(ProjectConfigurationPlatforms) = postSolution
		{DA198784-8265-4F3E-ABEB-F5C515084ACF}.Debug|Any CPU.ActiveCfg = Debug|Any CPU
		{DA198784-8265-4F3E-ABEB-F5C515084ACF}.Debug|Any CPU.Build.0 = Debug|Any CPU
		{DA198784-8265-4F3E-ABEB-F5C515084ACF}.Release|Any CPU.ActiveCfg = Release|Any CPU
		{DA198784-8265-4F3E-ABEB-F5C515084ACF}.Release|Any CPU.Build.0 = Release|Any CPU
	EndGlobalSection
	GlobalSection(SolutionProperties) = preSolution
		HideSolutionNode = FALSE
	EndGlobalSection
	GlobalSection(ExtensibilityGlobals) = postSolution
		SolutionGuid = {68BAF764-7E0E-48D2-B6BC-F8B1858939C9}
	EndGlobalSection
EndGlobal
