
Microsoft Visual Studio Solution File, Format Version 12.00
# Visual Studio Version 17
VisualStudioVersion = 17.2.32630.192
MinimumVisualStudioVersion = 10.0.40219.1
Project("{F184B08F-C81C-45F6-A57F-5ABD9991F28F}") = "While", "While\While.vbproj", "{DCD9D7EF-0866-4D69-A103-2163BA19C40E}"
EndProject
Global
	GlobalSection(SolutionConfigurationPlatforms) = preSolution
		Debug|Any CPU = Debug|Any CPU
		Release|Any CPU = Release|Any CPU
	EndGlobalSection
	GlobalSection(ProjectConfigurationPlatforms) = postSolution
		{DCD9D7EF-0866-4D69-A103-2163BA19C40E}.Debug|Any CPU.ActiveCfg = Debug|Any CPU
		{DCD9D7EF-0866-4D69-A103-2163BA19C40E}.Debug|Any CPU.Build.0 = Debug|Any CPU
		{DCD9D7EF-0866-4D69-A103-2163BA19C40E}.Release|Any CPU.ActiveCfg = Release|Any CPU
		{DCD9D7EF-0866-4D69-A103-2163BA19C40E}.Release|Any CPU.Build.0 = Release|Any CPU
	EndGlobalSection
	GlobalSection(SolutionProperties) = preSolution
		HideSolutionNode = FALSE
	EndGlobalSection
	GlobalSection(ExtensibilityGlobals) = postSolution
		SolutionGuid = {E95283EF-5AF4-43AD-8914-0F3291ED1015}
	EndGlobalSection
EndGlobal
