
Microsoft Visual Studio Solution File, Format Version 12.00
# Visual Studio Version 17
VisualStudioVersion = 17.9.34622.214
MinimumVisualStudioVersion = 10.0.40219.1
Project("{FAE04EC0-301F-11D3-BF4B-00C04F79EFBC}") = "gst", "gst\gst.csproj", "{F21BCD22-8282-46A7-93D5-C31080416B55}"
EndProject
Global
	GlobalSection(SolutionConfigurationPlatforms) = preSolution
		Debug|Any CPU = Debug|Any CPU
		Release|Any CPU = Release|Any CPU
	EndGlobalSection
	GlobalSection(ProjectConfigurationPlatforms) = postSolution
		{F21BCD22-8282-46A7-93D5-C31080416B55}.Debug|Any CPU.ActiveCfg = Debug|Any CPU
		{F21BCD22-8282-46A7-93D5-C31080416B55}.Debug|Any CPU.Build.0 = Debug|Any CPU
		{F21BCD22-8282-46A7-93D5-C31080416B55}.Release|Any CPU.ActiveCfg = Release|Any CPU
		{F21BCD22-8282-46A7-93D5-C31080416B55}.Release|Any CPU.Build.0 = Release|Any CPU
	EndGlobalSection
	GlobalSection(SolutionProperties) = preSolution
		HideSolutionNode = FALSE
	EndGlobalSection
	GlobalSection(ExtensibilityGlobals) = postSolution
		SolutionGuid = {0FBD0141-F7CA-409D-A8F3-DBC60C310495}
	EndGlobalSection
EndGlobal
