
Microsoft Visual Studio Solution File, Format Version 12.00
# Visual Studio Version 17
VisualStudioVersion = 17.2.32630.192
MinimumVisualStudioVersion = 10.0.40219.1
Project("{FAE04EC0-301F-11D3-BF4B-00C04F79EFBC}") = "Golf", "Golf\Golf.csproj", "{3AAF854A-DB8F-485B-8BE3-D6657BA29E73}"
EndProject
Global
	GlobalSection(SolutionConfigurationPlatforms) = preSolution
		Debug|Any CPU = Debug|Any CPU
		Release|Any CPU = Release|Any CPU
	EndGlobalSection
	GlobalSection(ProjectConfigurationPlatforms) = postSolution
		{3AAF854A-DB8F-485B-8BE3-D6657BA29E73}.Debug|Any CPU.ActiveCfg = Debug|Any CPU
		{3AAF854A-DB8F-485B-8BE3-D6657BA29E73}.Debug|Any CPU.Build.0 = Debug|Any CPU
		{3AAF854A-DB8F-485B-8BE3-D6657BA29E73}.Release|Any CPU.ActiveCfg = Release|Any CPU
		{3AAF854A-DB8F-485B-8BE3-D6657BA29E73}.Release|Any CPU.Build.0 = Release|Any CPU
	EndGlobalSection
	GlobalSection(SolutionProperties) = preSolution
		HideSolutionNode = FALSE
	EndGlobalSection
	GlobalSection(ExtensibilityGlobals) = postSolution
		SolutionGuid = {74DF509D-8D1A-4571-9E06-B7BE1C0104DA}
	EndGlobalSection
EndGlobal
